
Microsoft Visual Studio Solution File, Format Version 12.00
# Visual Studio Version 16
VisualStudioVersion = 16.0.29613.14
MinimumVisualStudioVersion = 10.0.40219.1
Project("{9A19103F-16F7-4668-BE54-9A1E7A4F7556}") = "TmsTcAPI.DAL", "DAO\TmsTcAPI.DAL\TmsTcAPI.DAL.csproj", "{C96D6866-BB54-4212-BBD5-23EE96E123F3}"
EndProject
Project("{2150E333-8FDC-42A3-9474-1A3956D46DE8}") = "Api", "Api", "{1D1CFB08-24D8-441F-B4E7-1E63981E1917}"
EndProject
Project("{9A19103F-16F7-4668-BE54-9A1E7A4F7556}") = "Core.Api", "Api\Core.Api\Core.Api.csproj", "{8E0F1881-9967-41FF-811F-77EC422E84CC}"
EndProject
Project("{2150E333-8FDC-42A3-9474-1A3956D46DE8}") = "DAO", "DAO", "{3335E663-D4B2-418D-AB01-5291CEA6FEF8}"
EndProject
Project("{9A19103F-16F7-4668-BE54-9A1E7A4F7556}") = "Flota.Api", "Api\Flota.Api\Flota.Api.csproj", "{C462EA49-533D-45B2-A6F1-4F51D70E9A56}"
EndProject
Project("{9A19103F-16F7-4668-BE54-9A1E7A4F7556}") = "Mantenimiento.Api", "Api\Mantenimiento.Api\Mantenimiento.Api.csproj", "{0DE2A84D-2975-4C0E-96D3-C42B6ACB8B8C}"
EndProject
Project("{9A19103F-16F7-4668-BE54-9A1E7A4F7556}") = "Oficinas.Api", "Api\Oficinas.Api\Oficinas.Api.csproj", "{F32F46D2-8542-4900-905C-8C33DC9210B7}"
EndProject
Project("{9A19103F-16F7-4668-BE54-9A1E7A4F7556}") = "RH.Api", "Api\RH.Api\RH.Api.csproj", "{847EDC09-1D7F-45F8-AB6C-E6717ACFBB34}"
EndProject
Project("{9A19103F-16F7-4668-BE54-9A1E7A4F7556}") = "Viajes.Api", "Api\Viajes.Api\Viajes.Api.csproj", "{80FBE8E9-7054-45A1-9759-9F5D9BDF2535}"
EndProject
Project("{9A19103F-16F7-4668-BE54-9A1E7A4F7556}") = "Rutas.Api", "Api\Rutas.Api\Rutas.Api.csproj", "{0AB33589-6B74-48A7-8209-2F87E4285911}"
EndProject
Project("{2150E333-8FDC-42A3-9474-1A3956D46DE8}") = "Utils", "Utils", "{00596649-1DF0-4BBF-A381-7FAE08DAA944}"
EndProject
Project("{9A19103F-16F7-4668-BE54-9A1E7A4F7556}") = "AuthenticationHandler", "Utils\AuthenticationHandler\AuthenticationHandler.csproj", "{830C9456-A017-4289-B3D8-F6DF1821BBCC}"
EndProject
Project("{9A19103F-16F7-4668-BE54-9A1E7A4F7556}") = "CrmUtils", "Utils\CrmUtils\CrmUtils.csproj", "{6819E5C2-8959-4078-9B61-45EA7C6BC9ED}"
EndProject
Project("{9A19103F-16F7-4668-BE54-9A1E7A4F7556}") = "InnovaLinks.DAL", "DAO\InnovaLinks.DAL\InnovaLinks.DAL.csproj", "{9F846B42-5B3E-433C-BB51-762B9BBAD979}"
EndProject
Project("{9A19103F-16F7-4668-BE54-9A1E7A4F7556}") = "CrmTc.DAL", "DAO\CrmTc.DAL\CrmTc.DAL.csproj", "{25E51B74-294D-473D-AFC9-C7B9C588902E}"
EndProject
Project("{9A19103F-16F7-4668-BE54-9A1E7A4F7556}") = "GeoLocation", "Utils\GeoLocation\GeoLocation.csproj", "{37A72673-34C9-4FDC-965C-DE53226C3A89}"
EndProject
Project("{9A19103F-16F7-4668-BE54-9A1E7A4F7556}") = "FileProcessing", "Utils\FileProcessing\FileProcessing.csproj", "{EE0B6EA5-AF52-4CDA-881C-07706F62EC00}"
EndProject
Project("{9A19103F-16F7-4668-BE54-9A1E7A4F7556}") = "ListdbTc.DAL", "DAO\ListdbTc.DAL\ListdbTc.DAL.csproj", "{B3D52B78-B7F9-4666-AD92-C6BA4CD8032F}"
EndProject
Project("{FAE04EC0-301F-11D3-BF4B-00C04F79EFBC}") = "Notification", "Utils\Notification\Notification.csproj", "{322652A3-4A0F-4B53-818C-AAA52A5564EA}"
EndProject
Global
	GlobalSection(SolutionConfigurationPlatforms) = preSolution
		Debug|Any CPU = Debug|Any CPU
		Release|Any CPU = Release|Any CPU
	EndGlobalSection
	GlobalSection(ProjectConfigurationPlatforms) = postSolution
		{C96D6866-BB54-4212-BBD5-23EE96E123F3}.Debug|Any CPU.ActiveCfg = Debug|Any CPU
		{C96D6866-BB54-4212-BBD5-23EE96E123F3}.Debug|Any CPU.Build.0 = Debug|Any CPU
		{C96D6866-BB54-4212-BBD5-23EE96E123F3}.Release|Any CPU.ActiveCfg = Release|Any CPU
		{C96D6866-BB54-4212-BBD5-23EE96E123F3}.Release|Any CPU.Build.0 = Release|Any CPU
		{8E0F1881-9967-41FF-811F-77EC422E84CC}.Debug|Any CPU.ActiveCfg = Debug|Any CPU
		{8E0F1881-9967-41FF-811F-77EC422E84CC}.Debug|Any CPU.Build.0 = Debug|Any CPU
		{8E0F1881-9967-41FF-811F-77EC422E84CC}.Release|Any CPU.ActiveCfg = Release|Any CPU
		{8E0F1881-9967-41FF-811F-77EC422E84CC}.Release|Any CPU.Build.0 = Release|Any CPU
		{C462EA49-533D-45B2-A6F1-4F51D70E9A56}.Debug|Any CPU.ActiveCfg = Debug|Any CPU
		{C462EA49-533D-45B2-A6F1-4F51D70E9A56}.Debug|Any CPU.Build.0 = Debug|Any CPU
		{C462EA49-533D-45B2-A6F1-4F51D70E9A56}.Release|Any CPU.ActiveCfg = Release|Any CPU
		{C462EA49-533D-45B2-A6F1-4F51D70E9A56}.Release|Any CPU.Build.0 = Release|Any CPU
		{0DE2A84D-2975-4C0E-96D3-C42B6ACB8B8C}.Debug|Any CPU.ActiveCfg = Debug|Any CPU
		{0DE2A84D-2975-4C0E-96D3-C42B6ACB8B8C}.Debug|Any CPU.Build.0 = Debug|Any CPU
		{0DE2A84D-2975-4C0E-96D3-C42B6ACB8B8C}.Release|Any CPU.ActiveCfg = Release|Any CPU
		{0DE2A84D-2975-4C0E-96D3-C42B6ACB8B8C}.Release|Any CPU.Build.0 = Release|Any CPU
		{F32F46D2-8542-4900-905C-8C33DC9210B7}.Debug|Any CPU.ActiveCfg = Debug|Any CPU
		{F32F46D2-8542-4900-905C-8C33DC9210B7}.Debug|Any CPU.Build.0 = Debug|Any CPU
		{F32F46D2-8542-4900-905C-8C33DC9210B7}.Release|Any CPU.ActiveCfg = Release|Any CPU
		{F32F46D2-8542-4900-905C-8C33DC9210B7}.Release|Any CPU.Build.0 = Release|Any CPU
		{847EDC09-1D7F-45F8-AB6C-E6717ACFBB34}.Debug|Any CPU.ActiveCfg = Debug|Any CPU
		{847EDC09-1D7F-45F8-AB6C-E6717ACFBB34}.Debug|Any CPU.Build.0 = Debug|Any CPU
		{847EDC09-1D7F-45F8-AB6C-E6717ACFBB34}.Release|Any CPU.ActiveCfg = Release|Any CPU
		{847EDC09-1D7F-45F8-AB6C-E6717ACFBB34}.Release|Any CPU.Build.0 = Release|Any CPU
		{80FBE8E9-7054-45A1-9759-9F5D9BDF2535}.Debug|Any CPU.ActiveCfg = Debug|Any CPU
		{80FBE8E9-7054-45A1-9759-9F5D9BDF2535}.Debug|Any CPU.Build.0 = Debug|Any CPU
		{80FBE8E9-7054-45A1-9759-9F5D9BDF2535}.Release|Any CPU.ActiveCfg = Release|Any CPU
		{80FBE8E9-7054-45A1-9759-9F5D9BDF2535}.Release|Any CPU.Build.0 = Release|Any CPU
		{0AB33589-6B74-48A7-8209-2F87E4285911}.Debug|Any CPU.ActiveCfg = Debug|Any CPU
		{0AB33589-6B74-48A7-8209-2F87E4285911}.Debug|Any CPU.Build.0 = Debug|Any CPU
		{0AB33589-6B74-48A7-8209-2F87E4285911}.Release|Any CPU.ActiveCfg = Release|Any CPU
		{0AB33589-6B74-48A7-8209-2F87E4285911}.Release|Any CPU.Build.0 = Release|Any CPU
		{830C9456-A017-4289-B3D8-F6DF1821BBCC}.Debug|Any CPU.ActiveCfg = Debug|Any CPU
		{830C9456-A017-4289-B3D8-F6DF1821BBCC}.Debug|Any CPU.Build.0 = Debug|Any CPU
		{830C9456-A017-4289-B3D8-F6DF1821BBCC}.Release|Any CPU.ActiveCfg = Release|Any CPU
		{830C9456-A017-4289-B3D8-F6DF1821BBCC}.Release|Any CPU.Build.0 = Release|Any CPU
		{6819E5C2-8959-4078-9B61-45EA7C6BC9ED}.Debug|Any CPU.ActiveCfg = Debug|Any CPU
		{6819E5C2-8959-4078-9B61-45EA7C6BC9ED}.Debug|Any CPU.Build.0 = Debug|Any CPU
		{6819E5C2-8959-4078-9B61-45EA7C6BC9ED}.Release|Any CPU.ActiveCfg = Release|Any CPU
		{6819E5C2-8959-4078-9B61-45EA7C6BC9ED}.Release|Any CPU.Build.0 = Release|Any CPU
		{9F846B42-5B3E-433C-BB51-762B9BBAD979}.Debug|Any CPU.ActiveCfg = Debug|Any CPU
		{9F846B42-5B3E-433C-BB51-762B9BBAD979}.Debug|Any CPU.Build.0 = Debug|Any CPU
		{9F846B42-5B3E-433C-BB51-762B9BBAD979}.Release|Any CPU.ActiveCfg = Release|Any CPU
		{9F846B42-5B3E-433C-BB51-762B9BBAD979}.Release|Any CPU.Build.0 = Release|Any CPU
		{25E51B74-294D-473D-AFC9-C7B9C588902E}.Debug|Any CPU.ActiveCfg = Debug|Any CPU
		{25E51B74-294D-473D-AFC9-C7B9C588902E}.Debug|Any CPU.Build.0 = Debug|Any CPU
		{25E51B74-294D-473D-AFC9-C7B9C588902E}.Release|Any CPU.ActiveCfg = Release|Any CPU
		{25E51B74-294D-473D-AFC9-C7B9C588902E}.Release|Any CPU.Build.0 = Release|Any CPU
		{37A72673-34C9-4FDC-965C-DE53226C3A89}.Debug|Any CPU.ActiveCfg = Debug|Any CPU
		{37A72673-34C9-4FDC-965C-DE53226C3A89}.Debug|Any CPU.Build.0 = Debug|Any CPU
		{37A72673-34C9-4FDC-965C-DE53226C3A89}.Release|Any CPU.ActiveCfg = Release|Any CPU
		{37A72673-34C9-4FDC-965C-DE53226C3A89}.Release|Any CPU.Build.0 = Release|Any CPU
		{EE0B6EA5-AF52-4CDA-881C-07706F62EC00}.Debug|Any CPU.ActiveCfg = Debug|Any CPU
		{EE0B6EA5-AF52-4CDA-881C-07706F62EC00}.Debug|Any CPU.Build.0 = Debug|Any CPU
		{EE0B6EA5-AF52-4CDA-881C-07706F62EC00}.Release|Any CPU.ActiveCfg = Release|Any CPU
		{EE0B6EA5-AF52-4CDA-881C-07706F62EC00}.Release|Any CPU.Build.0 = Release|Any CPU
		{B3D52B78-B7F9-4666-AD92-C6BA4CD8032F}.Debug|Any CPU.ActiveCfg = Debug|Any CPU
		{B3D52B78-B7F9-4666-AD92-C6BA4CD8032F}.Debug|Any CPU.Build.0 = Debug|Any CPU
		{B3D52B78-B7F9-4666-AD92-C6BA4CD8032F}.Release|Any CPU.ActiveCfg = Release|Any CPU
		{B3D52B78-B7F9-4666-AD92-C6BA4CD8032F}.Release|Any CPU.Build.0 = Release|Any CPU
		{322652A3-4A0F-4B53-818C-AAA52A5564EA}.Debug|Any CPU.ActiveCfg = Debug|Any CPU
		{322652A3-4A0F-4B53-818C-AAA52A5564EA}.Debug|Any CPU.Build.0 = Debug|Any CPU
		{322652A3-4A0F-4B53-818C-AAA52A5564EA}.Release|Any CPU.ActiveCfg = Release|Any CPU
		{322652A3-4A0F-4B53-818C-AAA52A5564EA}.Release|Any CPU.Build.0 = Release|Any CPU
	EndGlobalSection
	GlobalSection(SolutionProperties) = preSolution
		HideSolutionNode = FALSE
	EndGlobalSection
	GlobalSection(NestedProjects) = preSolution
		{C96D6866-BB54-4212-BBD5-23EE96E123F3} = {3335E663-D4B2-418D-AB01-5291CEA6FEF8}
		{8E0F1881-9967-41FF-811F-77EC422E84CC} = {1D1CFB08-24D8-441F-B4E7-1E63981E1917}
		{C462EA49-533D-45B2-A6F1-4F51D70E9A56} = {1D1CFB08-24D8-441F-B4E7-1E63981E1917}
		{0DE2A84D-2975-4C0E-96D3-C42B6ACB8B8C} = {1D1CFB08-24D8-441F-B4E7-1E63981E1917}
		{F32F46D2-8542-4900-905C-8C33DC9210B7} = {1D1CFB08-24D8-441F-B4E7-1E63981E1917}
		{847EDC09-1D7F-45F8-AB6C-E6717ACFBB34} = {1D1CFB08-24D8-441F-B4E7-1E63981E1917}
		{80FBE8E9-7054-45A1-9759-9F5D9BDF2535} = {1D1CFB08-24D8-441F-B4E7-1E63981E1917}
		{0AB33589-6B74-48A7-8209-2F87E4285911} = {1D1CFB08-24D8-441F-B4E7-1E63981E1917}
		{830C9456-A017-4289-B3D8-F6DF1821BBCC} = {00596649-1DF0-4BBF-A381-7FAE08DAA944}
		{6819E5C2-8959-4078-9B61-45EA7C6BC9ED} = {00596649-1DF0-4BBF-A381-7FAE08DAA944}
		{9F846B42-5B3E-433C-BB51-762B9BBAD979} = {3335E663-D4B2-418D-AB01-5291CEA6FEF8}
		{25E51B74-294D-473D-AFC9-C7B9C588902E} = {3335E663-D4B2-418D-AB01-5291CEA6FEF8}
		{37A72673-34C9-4FDC-965C-DE53226C3A89} = {00596649-1DF0-4BBF-A381-7FAE08DAA944}
		{EE0B6EA5-AF52-4CDA-881C-07706F62EC00} = {00596649-1DF0-4BBF-A381-7FAE08DAA944}
		{B3D52B78-B7F9-4666-AD92-C6BA4CD8032F} = {3335E663-D4B2-418D-AB01-5291CEA6FEF8}
		{322652A3-4A0F-4B53-818C-AAA52A5564EA} = {00596649-1DF0-4BBF-A381-7FAE08DAA944}
	EndGlobalSection
	GlobalSection(ExtensibilityGlobals) = postSolution
		SolutionGuid = {AA513436-7DE6-418C-9B45-13EEA6AAA382}
	EndGlobalSection
EndGlobal
